
Microsoft Visual Studio Solution File, Format Version 12.00
# Visual Studio Version 16
VisualStudioVersion = 16.0.31624.102
MinimumVisualStudioVersion = 10.0.40219.1
Project("{FAE04EC0-301F-11D3-BF4B-00C04F79EFBC}") = "RazuDevOps", "RazuDevOps\RazuDevOps.csproj", "{D04BBEA2-CC47-4DFA-A4FB-4270AB503CF7}"
EndProject
Global
	GlobalSection(SolutionConfigurationPlatforms) = preSolution
		Debug|Any CPU = Debug|Any CPU
		Release|Any CPU = Release|Any CPU
	EndGlobalSection
	GlobalSection(ProjectConfigurationPlatforms) = postSolution
		{D04BBEA2-CC47-4DFA-A4FB-4270AB503CF7}.Debug|Any CPU.ActiveCfg = Debug|Any CPU
		{D04BBEA2-CC47-4DFA-A4FB-4270AB503CF7}.Debug|Any CPU.Build.0 = Debug|Any CPU
		{D04BBEA2-CC47-4DFA-A4FB-4270AB503CF7}.Release|Any CPU.ActiveCfg = Release|Any CPU
		{D04BBEA2-CC47-4DFA-A4FB-4270AB503CF7}.Release|Any CPU.Build.0 = Release|Any CPU
	EndGlobalSection
	GlobalSection(SolutionProperties) = preSolution
		HideSolutionNode = FALSE
	EndGlobalSection
	GlobalSection(ExtensibilityGlobals) = postSolution
		SolutionGuid = {552E3A3F-0348-409F-A569-E6942C69CDB4}
	EndGlobalSection
EndGlobal
